
Microsoft Visual Studio Solution File, Format Version 12.00
# Visual Studio for Mac
Project("{FAE04EC0-301F-11D3-BF4B-00C04F79EFBC}") = "Assembly-CSharp", "Assembly-CSharp.csproj", "{81CABED3-71EC-81AF-599D-9F622AA9860C}"
EndProject
Project("{FAE04EC0-301F-11D3-BF4B-00C04F79EFBC}") = "Assembly-CSharp-Editor", "Assembly-CSharp-Editor.csproj", "{4D381543-8DDC-C4C5-3B8E-ACE4E5E4FBDF}"
EndProject
Global
	GlobalSection(SolutionConfigurationPlatforms) = preSolution
		Debug|Any CPU = Debug|Any CPU
		Release|Any CPU = Release|Any CPU
	EndGlobalSection
	GlobalSection(ProjectConfigurationPlatforms) = postSolution
		{81CABED3-71EC-81AF-599D-9F622AA9860C}.Debug|Any CPU.ActiveCfg = Debug|Any CPU
		{81CABED3-71EC-81AF-599D-9F622AA9860C}.Debug|Any CPU.Build.0 = Debug|Any CPU
		{81CABED3-71EC-81AF-599D-9F622AA9860C}.Release|Any CPU.ActiveCfg = Release|Any CPU
		{81CABED3-71EC-81AF-599D-9F622AA9860C}.Release|Any CPU.Build.0 = Release|Any CPU
		{4D381543-8DDC-C4C5-3B8E-ACE4E5E4FBDF}.Debug|Any CPU.ActiveCfg = Debug|Any CPU
		{4D381543-8DDC-C4C5-3B8E-ACE4E5E4FBDF}.Debug|Any CPU.Build.0 = Debug|Any CPU
		{4D381543-8DDC-C4C5-3B8E-ACE4E5E4FBDF}.Release|Any CPU.ActiveCfg = Release|Any CPU
		{4D381543-8DDC-C4C5-3B8E-ACE4E5E4FBDF}.Release|Any CPU.Build.0 = Release|Any CPU
	EndGlobalSection
	GlobalSection(SolutionProperties) = preSolution
		HideSolutionNode = FALSE
	EndGlobalSection
EndGlobal
